
Microsoft Visual Studio Solution File, Format Version 12.00
# Visual Studio Version 17
VisualStudioVersion = 17.14.36623.8 d17.14
MinimumVisualStudioVersion = 10.0.40219.1
Project("{2150E333-8FDC-42A3-9474-1A3956D46DE8}") = "Task0", "Task0", "{02EA681E-C7D8-13C7-8484-4AC65E1B71E8}"
EndProject
Project("{FAE04EC0-301F-11D3-BF4B-00C04F79EFBC}") = "Tyuiu.RadkoVO.Sprint3.Task0.V25", "Tyuiu.RadkoVO.Sprint3.Task0.V25\Tyuiu.RadkoVO.Sprint3.Task0.V25.csproj", "{434976C4-6577-44DD-9C76-252017B1C7C0}"
EndProject
Project("{FAE04EC0-301F-11D3-BF4B-00C04F79EFBC}") = "Tyuiu.RadkoVO.Sprint3.Task0.V25.Lib", "Tyuiu.RadkoVO.Sprint3.Task0.V25.Lib\Tyuiu.RadkoVO.Sprint3.Task0.V25.Lib.csproj", "{7B0A493B-5355-492B-8406-6F47673E8216}"
EndProject
Project("{FAE04EC0-301F-11D3-BF4B-00C04F79EFBC}") = "Tyuiu.RadkoVO.Sprint3.Task0.V25.Test", "Tyuiu.RadkoVO.Sprint3.Task0.V25.Test\Tyuiu.RadkoVO.Sprint3.Task0.V25.Test.csproj", "{168C05CB-B99D-477B-B92E-4F0A13956A7A}"
EndProject
Project("{2150E333-8FDC-42A3-9474-1A3956D46DE8}") = "Task1", "Task1", "{2BDB3BF5-F7DE-4995-BFE9-E1CA50391EA0}"
EndProject
Project("{FAE04EC0-301F-11D3-BF4B-00C04F79EFBC}") = "Tyuiu.RadkoVO.Sprint3.Task1.V20", "Tyuiu.RadkoVO.Sprint3.Task1.V20\Tyuiu.RadkoVO.Sprint3.Task1.V20.csproj", "{563D89AC-8BE4-4DFE-9384-FACE08F6F114}"
EndProject
Project("{FAE04EC0-301F-11D3-BF4B-00C04F79EFBC}") = "Tyuiu.RadkoVO.Sprint3.Task1.V20.Lib", "Tyuiu.RadkoVO.Sprint3.Task1.V20.Lib\Tyuiu.RadkoVO.Sprint3.Task1.V20.Lib.csproj", "{7286DC90-5331-40DB-B6D5-9D13359650B2}"
EndProject
Project("{FAE04EC0-301F-11D3-BF4B-00C04F79EFBC}") = "Tyuiu.RadkoVO.Sprint3.Task1.V20.Test", "Tyuiu.RadkoVO.Sprint3.Task1.V20.Test\Tyuiu.RadkoVO.Sprint3.Task1.V20.Test.csproj", "{01663EB4-4A24-48C2-9029-73A8C7A10A87}"
EndProject
Project("{2150E333-8FDC-42A3-9474-1A3956D46DE8}") = "Task2", "Task2", "{CBD33354-88E7-4E2D-92D7-84D535AD1235}"
EndProject
Project("{FAE04EC0-301F-11D3-BF4B-00C04F79EFBC}") = "Tyuiu.RadkoVO.Sprint3.Task2.V8", "Tyuiu.RadkoVO.Sprint3.Task2.V8\Tyuiu.RadkoVO.Sprint3.Task2.V8.csproj", "{961F88FB-FDE4-40BD-9E09-0A024024E057}"
EndProject
Project("{FAE04EC0-301F-11D3-BF4B-00C04F79EFBC}") = "Tyuiu.RadkoVO.Sprint3.Task2.V8.Lib", "Tyuiu.RadkoVO.Sprint3.Task2.V8.Lib\Tyuiu.RadkoVO.Sprint3.Task2.V8.Lib.csproj", "{C19A69CC-39E1-4F0E-BBF0-B3F1A1E1250A}"
EndProject
Project("{FAE04EC0-301F-11D3-BF4B-00C04F79EFBC}") = "Tyuiu.RadkoVO.Sprint3.Task2.V8.Test", "Tyuiu.RadkoVO.Sprint3.Task2.V8.Test\Tyuiu.RadkoVO.Sprint3.Task2.V8.Test.csproj", "{04295A30-4C85-48BA-B839-D60A01A7915A}"
EndProject
Project("{2150E333-8FDC-42A3-9474-1A3956D46DE8}") = "Task3", "Task3", "{71A3ED85-4EA0-479E-AE27-D65F05B725B6}"
EndProject
Project("{FAE04EC0-301F-11D3-BF4B-00C04F79EFBC}") = "Tyuiu.RadkoVO.Sprint3.Task3.V1", "Tyuiu.RadkoVO.Sprint3.Task3.V1\Tyuiu.RadkoVO.Sprint3.Task3.V1.csproj", "{791868FE-3F15-421D-B9F9-C9178DFA0D3D}"
EndProject
Project("{FAE04EC0-301F-11D3-BF4B-00C04F79EFBC}") = "Tyuiu.RadkoVO.Sprint3.Task3.V1.Lib", "Tyuiu.RadkoVO.Sprint3.Task3.V1.Lib\Tyuiu.RadkoVO.Sprint3.Task3.V1.Lib.csproj", "{DBCCFF43-BE2B-4DBB-A16F-E932C1C2BCC2}"
EndProject
Project("{FAE04EC0-301F-11D3-BF4B-00C04F79EFBC}") = "Tyuiu.RadkoVO.Sprint3.Task3.V1.Test", "Tyuiu.RadkoVO.Sprint3.Task3.V1.Test\Tyuiu.RadkoVO.Sprint3.Task3.V1.Test.csproj", "{A239FA75-D80B-4E6B-96CF-1D434D7F68B1}"
EndProject
Project("{2150E333-8FDC-42A3-9474-1A3956D46DE8}") = "Task4", "Task4", "{C5520ADA-1CEE-4F3D-9292-EF0C31707427}"
EndProject
Project("{FAE04EC0-301F-11D3-BF4B-00C04F79EFBC}") = "Tyuiu.RadkoVO.Sprint3.Task4.V15", "Tyuiu.RadkoVO.Sprint3.Task4.V15\Tyuiu.RadkoVO.Sprint3.Task4.V15.csproj", "{1723F68B-1D87-4381-9D3F-6DD215285974}"
EndProject
Project("{FAE04EC0-301F-11D3-BF4B-00C04F79EFBC}") = "Tyuiu.RadkoVO.Sprint3.Task4.V15.Lib", "Tyuiu.RadkoVO.Sprint3.Task4.V15.Lib\Tyuiu.RadkoVO.Sprint3.Task4.V15.Lib.csproj", "{0C9DA379-1498-47FC-B54C-89F023A389C5}"
EndProject
Project("{FAE04EC0-301F-11D3-BF4B-00C04F79EFBC}") = "Tyuiu.RadkoVO.Sprint3.Task4.V15.Test", "Tyuiu.RadkoVO.Sprint3.Task4.V15.Test\Tyuiu.RadkoVO.Sprint3.Task4.V15.Test.csproj", "{CB60BB48-10F5-44FD-B872-FD8D82A67391}"
EndProject
Project("{2150E333-8FDC-42A3-9474-1A3956D46DE8}") = "Task5", "Task5", "{EB29747B-F297-4EA8-A1C9-7BC709AE8E2C}"
EndProject
Project("{FAE04EC0-301F-11D3-BF4B-00C04F79EFBC}") = "Tyuiu.RadkoVO.Sprint3.Task5.V30", "Tyuiu.RadkoVO.Sprint3.Task5.V30\Tyuiu.RadkoVO.Sprint3.Task5.V30.csproj", "{FFEBA9BF-D8F0-45D9-8878-9403F0CAEA69}"
EndProject
Project("{FAE04EC0-301F-11D3-BF4B-00C04F79EFBC}") = "Tyuiu.RadkoVO.Sprint3.Task5.V30.Lib", "Tyuiu.RadkoVO.Sprint3.Task5.V30.Lib\Tyuiu.RadkoVO.Sprint3.Task5.V30.Lib.csproj", "{2E72A00F-BFF3-48A7-8D03-80F8D24E2730}"
EndProject
Project("{FAE04EC0-301F-11D3-BF4B-00C04F79EFBC}") = "Tyuiu.RadkoVO.Sprint3.Task5.V30.Test", "Tyuiu.RadkoVO.Sprint3.Task5.V30.Test\Tyuiu.RadkoVO.Sprint3.Task5.V30.Test.csproj", "{E22C71A5-73DE-4556-AAA0-3DCE0B41E588}"
EndProject
Global
	GlobalSection(SolutionConfigurationPlatforms) = preSolution
		Debug|Any CPU = Debug|Any CPU
		Release|Any CPU = Release|Any CPU
	EndGlobalSection
	GlobalSection(ProjectConfigurationPlatforms) = postSolution
		{434976C4-6577-44DD-9C76-252017B1C7C0}.Debug|Any CPU.ActiveCfg = Debug|Any CPU
		{434976C4-6577-44DD-9C76-252017B1C7C0}.Debug|Any CPU.Build.0 = Debug|Any CPU
		{434976C4-6577-44DD-9C76-252017B1C7C0}.Release|Any CPU.ActiveCfg = Release|Any CPU
		{434976C4-6577-44DD-9C76-252017B1C7C0}.Release|Any CPU.Build.0 = Release|Any CPU
		{7B0A493B-5355-492B-8406-6F47673E8216}.Debug|Any CPU.ActiveCfg = Debug|Any CPU
		{7B0A493B-5355-492B-8406-6F47673E8216}.Debug|Any CPU.Build.0 = Debug|Any CPU
		{7B0A493B-5355-492B-8406-6F47673E8216}.Release|Any CPU.ActiveCfg = Release|Any CPU
		{7B0A493B-5355-492B-8406-6F47673E8216}.Release|Any CPU.Build.0 = Release|Any CPU
		{168C05CB-B99D-477B-B92E-4F0A13956A7A}.Debug|Any CPU.ActiveCfg = Debug|Any CPU
		{168C05CB-B99D-477B-B92E-4F0A13956A7A}.Debug|Any CPU.Build.0 = Debug|Any CPU
		{168C05CB-B99D-477B-B92E-4F0A13956A7A}.Release|Any CPU.ActiveCfg = Release|Any CPU
		{168C05CB-B99D-477B-B92E-4F0A13956A7A}.Release|Any CPU.Build.0 = Release|Any CPU
		{563D89AC-8BE4-4DFE-9384-FACE08F6F114}.Debug|Any CPU.ActiveCfg = Debug|Any CPU
		{563D89AC-8BE4-4DFE-9384-FACE08F6F114}.Debug|Any CPU.Build.0 = Debug|Any CPU
		{563D89AC-8BE4-4DFE-9384-FACE08F6F114}.Release|Any CPU.ActiveCfg = Release|Any CPU
		{563D89AC-8BE4-4DFE-9384-FACE08F6F114}.Release|Any CPU.Build.0 = Release|Any CPU
		{7286DC90-5331-40DB-B6D5-9D13359650B2}.Debug|Any CPU.ActiveCfg = Debug|Any CPU
		{7286DC90-5331-40DB-B6D5-9D13359650B2}.Debug|Any CPU.Build.0 = Debug|Any CPU
		{7286DC90-5331-40DB-B6D5-9D13359650B2}.Release|Any CPU.ActiveCfg = Release|Any CPU
		{7286DC90-5331-40DB-B6D5-9D13359650B2}.Release|Any CPU.Build.0 = Release|Any CPU
		{01663EB4-4A24-48C2-9029-73A8C7A10A87}.Debug|Any CPU.ActiveCfg = Debug|Any CPU
		{01663EB4-4A24-48C2-9029-73A8C7A10A87}.Debug|Any CPU.Build.0 = Debug|Any CPU
		{01663EB4-4A24-48C2-9029-73A8C7A10A87}.Release|Any CPU.ActiveCfg = Release|Any CPU
		{01663EB4-4A24-48C2-9029-73A8C7A10A87}.Release|Any CPU.Build.0 = Release|Any CPU
		{961F88FB-FDE4-40BD-9E09-0A024024E057}.Debug|Any CPU.ActiveCfg = Debug|Any CPU
		{961F88FB-FDE4-40BD-9E09-0A024024E057}.Debug|Any CPU.Build.0 = Debug|Any CPU
		{961F88FB-FDE4-40BD-9E09-0A024024E057}.Release|Any CPU.ActiveCfg = Release|Any CPU
		{961F88FB-FDE4-40BD-9E09-0A024024E057}.Release|Any CPU.Build.0 = Release|Any CPU
		{C19A69CC-39E1-4F0E-BBF0-B3F1A1E1250A}.Debug|Any CPU.ActiveCfg = Debug|Any CPU
		{C19A69CC-39E1-4F0E-BBF0-B3F1A1E1250A}.Debug|Any CPU.Build.0 = Debug|Any CPU
		{C19A69CC-39E1-4F0E-BBF0-B3F1A1E1250A}.Release|Any CPU.ActiveCfg = Release|Any CPU
		{C19A69CC-39E1-4F0E-BBF0-B3F1A1E1250A}.Release|Any CPU.Build.0 = Release|Any CPU
		{04295A30-4C85-48BA-B839-D60A01A7915A}.Debug|Any CPU.ActiveCfg = Debug|Any CPU
		{04295A30-4C85-48BA-B839-D60A01A7915A}.Debug|Any CPU.Build.0 = Debug|Any CPU
		{04295A30-4C85-48BA-B839-D60A01A7915A}.Release|Any CPU.ActiveCfg = Release|Any CPU
		{04295A30-4C85-48BA-B839-D60A01A7915A}.Release|Any CPU.Build.0 = Release|Any CPU
		{791868FE-3F15-421D-B9F9-C9178DFA0D3D}.Debug|Any CPU.ActiveCfg = Debug|Any CPU
		{791868FE-3F15-421D-B9F9-C9178DFA0D3D}.Debug|Any CPU.Build.0 = Debug|Any CPU
		{791868FE-3F15-421D-B9F9-C9178DFA0D3D}.Release|Any CPU.ActiveCfg = Release|Any CPU
		{791868FE-3F15-421D-B9F9-C9178DFA0D3D}.Release|Any CPU.Build.0 = Release|Any CPU
		{DBCCFF43-BE2B-4DBB-A16F-E932C1C2BCC2}.Debug|Any CPU.ActiveCfg = Debug|Any CPU
		{DBCCFF43-BE2B-4DBB-A16F-E932C1C2BCC2}.Debug|Any CPU.Build.0 = Debug|Any CPU
		{DBCCFF43-BE2B-4DBB-A16F-E932C1C2BCC2}.Release|Any CPU.ActiveCfg = Release|Any CPU
		{DBCCFF43-BE2B-4DBB-A16F-E932C1C2BCC2}.Release|Any CPU.Build.0 = Release|Any CPU
		{A239FA75-D80B-4E6B-96CF-1D434D7F68B1}.Debug|Any CPU.ActiveCfg = Debug|Any CPU
		{A239FA75-D80B-4E6B-96CF-1D434D7F68B1}.Debug|Any CPU.Build.0 = Debug|Any CPU
		{A239FA75-D80B-4E6B-96CF-1D434D7F68B1}.Release|Any CPU.ActiveCfg = Release|Any CPU
		{A239FA75-D80B-4E6B-96CF-1D434D7F68B1}.Release|Any CPU.Build.0 = Release|Any CPU
		{1723F68B-1D87-4381-9D3F-6DD215285974}.Debug|Any CPU.ActiveCfg = Debug|Any CPU
		{1723F68B-1D87-4381-9D3F-6DD215285974}.Debug|Any CPU.Build.0 = Debug|Any CPU
		{1723F68B-1D87-4381-9D3F-6DD215285974}.Release|Any CPU.ActiveCfg = Release|Any CPU
		{1723F68B-1D87-4381-9D3F-6DD215285974}.Release|Any CPU.Build.0 = Release|Any CPU
		{0C9DA379-1498-47FC-B54C-89F023A389C5}.Debug|Any CPU.ActiveCfg = Debug|Any CPU
		{0C9DA379-1498-47FC-B54C-89F023A389C5}.Debug|Any CPU.Build.0 = Debug|Any CPU
		{0C9DA379-1498-47FC-B54C-89F023A389C5}.Release|Any CPU.ActiveCfg = Release|Any CPU
		{0C9DA379-1498-47FC-B54C-89F023A389C5}.Release|Any CPU.Build.0 = Release|Any CPU
		{CB60BB48-10F5-44FD-B872-FD8D82A67391}.Debug|Any CPU.ActiveCfg = Debug|Any CPU
		{CB60BB48-10F5-44FD-B872-FD8D82A67391}.Debug|Any CPU.Build.0 = Debug|Any CPU
		{CB60BB48-10F5-44FD-B872-FD8D82A67391}.Release|Any CPU.ActiveCfg = Release|Any CPU
		{CB60BB48-10F5-44FD-B872-FD8D82A67391}.Release|Any CPU.Build.0 = Release|Any CPU
		{FFEBA9BF-D8F0-45D9-8878-9403F0CAEA69}.Debug|Any CPU.ActiveCfg = Debug|Any CPU
		{FFEBA9BF-D8F0-45D9-8878-9403F0CAEA69}.Debug|Any CPU.Build.0 = Debug|Any CPU
		{FFEBA9BF-D8F0-45D9-8878-9403F0CAEA69}.Release|Any CPU.ActiveCfg = Release|Any CPU
		{FFEBA9BF-D8F0-45D9-8878-9403F0CAEA69}.Release|Any CPU.Build.0 = Release|Any CPU
		{2E72A00F-BFF3-48A7-8D03-80F8D24E2730}.Debug|Any CPU.ActiveCfg = Debug|Any CPU
		{2E72A00F-BFF3-48A7-8D03-80F8D24E2730}.Debug|Any CPU.Build.0 = Debug|Any CPU
		{2E72A00F-BFF3-48A7-8D03-80F8D24E2730}.Release|Any CPU.ActiveCfg = Release|Any CPU
		{2E72A00F-BFF3-48A7-8D03-80F8D24E2730}.Release|Any CPU.Build.0 = Release|Any CPU
		{E22C71A5-73DE-4556-AAA0-3DCE0B41E588}.Debug|Any CPU.ActiveCfg = Debug|Any CPU
		{E22C71A5-73DE-4556-AAA0-3DCE0B41E588}.Debug|Any CPU.Build.0 = Debug|Any CPU
		{E22C71A5-73DE-4556-AAA0-3DCE0B41E588}.Release|Any CPU.ActiveCfg = Release|Any CPU
		{E22C71A5-73DE-4556-AAA0-3DCE0B41E588}.Release|Any CPU.Build.0 = Release|Any CPU
	EndGlobalSection
	GlobalSection(SolutionProperties) = preSolution
		HideSolutionNode = FALSE
	EndGlobalSection
	GlobalSection(NestedProjects) = preSolution
		{434976C4-6577-44DD-9C76-252017B1C7C0} = {02EA681E-C7D8-13C7-8484-4AC65E1B71E8}
		{7B0A493B-5355-492B-8406-6F47673E8216} = {02EA681E-C7D8-13C7-8484-4AC65E1B71E8}
		{168C05CB-B99D-477B-B92E-4F0A13956A7A} = {02EA681E-C7D8-13C7-8484-4AC65E1B71E8}
		{563D89AC-8BE4-4DFE-9384-FACE08F6F114} = {2BDB3BF5-F7DE-4995-BFE9-E1CA50391EA0}
		{7286DC90-5331-40DB-B6D5-9D13359650B2} = {2BDB3BF5-F7DE-4995-BFE9-E1CA50391EA0}
		{01663EB4-4A24-48C2-9029-73A8C7A10A87} = {2BDB3BF5-F7DE-4995-BFE9-E1CA50391EA0}
		{961F88FB-FDE4-40BD-9E09-0A024024E057} = {CBD33354-88E7-4E2D-92D7-84D535AD1235}
		{C19A69CC-39E1-4F0E-BBF0-B3F1A1E1250A} = {CBD33354-88E7-4E2D-92D7-84D535AD1235}
		{04295A30-4C85-48BA-B839-D60A01A7915A} = {CBD33354-88E7-4E2D-92D7-84D535AD1235}
		{791868FE-3F15-421D-B9F9-C9178DFA0D3D} = {71A3ED85-4EA0-479E-AE27-D65F05B725B6}
		{DBCCFF43-BE2B-4DBB-A16F-E932C1C2BCC2} = {71A3ED85-4EA0-479E-AE27-D65F05B725B6}
		{A239FA75-D80B-4E6B-96CF-1D434D7F68B1} = {71A3ED85-4EA0-479E-AE27-D65F05B725B6}
		{1723F68B-1D87-4381-9D3F-6DD215285974} = {C5520ADA-1CEE-4F3D-9292-EF0C31707427}
		{0C9DA379-1498-47FC-B54C-89F023A389C5} = {C5520ADA-1CEE-4F3D-9292-EF0C31707427}
		{CB60BB48-10F5-44FD-B872-FD8D82A67391} = {C5520ADA-1CEE-4F3D-9292-EF0C31707427}
		{FFEBA9BF-D8F0-45D9-8878-9403F0CAEA69} = {EB29747B-F297-4EA8-A1C9-7BC709AE8E2C}
		{2E72A00F-BFF3-48A7-8D03-80F8D24E2730} = {EB29747B-F297-4EA8-A1C9-7BC709AE8E2C}
		{E22C71A5-73DE-4556-AAA0-3DCE0B41E588} = {EB29747B-F297-4EA8-A1C9-7BC709AE8E2C}
	EndGlobalSection
	GlobalSection(ExtensibilityGlobals) = postSolution
		SolutionGuid = {575D06DF-9F0A-4973-A7EE-A9088EDBBFD6}
	EndGlobalSection
EndGlobal
